
Microsoft Visual Studio Solution File, Format Version 12.00
# Visual Studio 2013
VisualStudioVersion = 12.0.30723.0
MinimumVisualStudioVersion = 10.0.40219.1
Project("{FAE04EC0-301F-11D3-BF4B-00C04F79EFBC}") = "Exor.Core", "Exor.Core\Exor.Core.csproj", "{0E6A0A2C-CD6B-4DE1-A099-DF3BA824EE13}"
EndProject
Project("{FAE04EC0-301F-11D3-BF4B-00C04F79EFBC}") = "Exor.Compiler", "Exor.Compiler\Exor.Compiler.csproj", "{6E93AA5E-EC88-4317-9B57-4DC53C674957}"
EndProject
Project("{2150E333-8FDC-42A3-9474-1A3956D46DE8}") = "Solution Items", "Solution Items", "{B96E6540-324F-4BC7-8434-71073D91D9AB}"
	ProjectSection(SolutionItems) = preProject
		.gitignore = .gitignore
		LICENSE.txt = LICENSE.txt
		README.md = README.md
	EndProjectSection
EndProject
Project("{2150E333-8FDC-42A3-9474-1A3956D46DE8}") = "00_Code", "00_Code", "{BF7ED2E2-F687-43E0-A12C-02ECA66C4179}"
EndProject
Project("{2150E333-8FDC-42A3-9474-1A3956D46DE8}") = "01_Tests", "01_Tests", "{08C9537E-B1AE-410A-A139-2CB8E5780809}"
EndProject
Project("{FAE04EC0-301F-11D3-BF4B-00C04F79EFBC}") = "Exor.Core.Tests.ContentBase", "Exor.Core.Tests.ContentBase\Exor.Core.Tests.ContentBase.csproj", "{85170B79-D078-4EE6-8BDD-50273D5E31D4}"
EndProject
Project("{FAE04EC0-301F-11D3-BF4B-00C04F79EFBC}") = "Exor.Core.Tests.ContentA", "Exor.Core.Tests.ContentA\Exor.Core.Tests.ContentA.csproj", "{92F122BF-7D47-49FD-A11F-9DEB76B62B1E}"
EndProject
Project("{FAE04EC0-301F-11D3-BF4B-00C04F79EFBC}") = "Exor.Core.Tests", "Exor.Core.Tests\Exor.Core.Tests.csproj", "{21A56952-F403-45D0-AD3D-455017583A19}"
EndProject
Project("{FAE04EC0-301F-11D3-BF4B-00C04F79EFBC}") = "Exor.Core.Tests.ContentB", "Exor.Core.Tests.ContentB\Exor.Core.Tests.ContentB.csproj", "{BAFB9EF3-556F-43C5-A369-03D0B25EE3E1}"
EndProject
Project("{FAE04EC0-301F-11D3-BF4B-00C04F79EFBC}") = "Exor.Compiler.Tests", "Exor.Compiler.Tests\Exor.Compiler.Tests.csproj", "{468004B9-19E8-44DC-919E-21A27E964249}"
	ProjectSection(ProjectDependencies) = postProject
		{8ECBF49C-E9DF-4450-939C-C30A227EB4DB} = {8ECBF49C-E9DF-4450-939C-C30A227EB4DB}
		{92F122BF-7D47-49FD-A11F-9DEB76B62B1E} = {92F122BF-7D47-49FD-A11F-9DEB76B62B1E}
		{BAFB9EF3-556F-43C5-A369-03D0B25EE3E1} = {BAFB9EF3-556F-43C5-A369-03D0B25EE3E1}
	EndProjectSection
EndProject
Project("{FAE04EC0-301F-11D3-BF4B-00C04F79EFBC}") = "Exor.Compiler.Tests.ContentC", "Exor.Compiler.Tests.ContentC\Exor.Compiler.Tests.ContentC.csproj", "{8ECBF49C-E9DF-4450-939C-C30A227EB4DB}"
	ProjectSection(ProjectDependencies) = postProject
		{0E6A0A2C-CD6B-4DE1-A099-DF3BA824EE13} = {0E6A0A2C-CD6B-4DE1-A099-DF3BA824EE13}
		{85170B79-D078-4EE6-8BDD-50273D5E31D4} = {85170B79-D078-4EE6-8BDD-50273D5E31D4}
	EndProjectSection
EndProject
Global
	GlobalSection(SolutionConfigurationPlatforms) = preSolution
		Debug|Any CPU = Debug|Any CPU
		Release|Any CPU = Release|Any CPU
	EndGlobalSection
	GlobalSection(ProjectConfigurationPlatforms) = postSolution
		{0E6A0A2C-CD6B-4DE1-A099-DF3BA824EE13}.Debug|Any CPU.ActiveCfg = Debug|Any CPU
		{0E6A0A2C-CD6B-4DE1-A099-DF3BA824EE13}.Debug|Any CPU.Build.0 = Debug|Any CPU
		{0E6A0A2C-CD6B-4DE1-A099-DF3BA824EE13}.Release|Any CPU.ActiveCfg = Release|Any CPU
		{0E6A0A2C-CD6B-4DE1-A099-DF3BA824EE13}.Release|Any CPU.Build.0 = Release|Any CPU
		{6E93AA5E-EC88-4317-9B57-4DC53C674957}.Debug|Any CPU.ActiveCfg = Debug|Any CPU
		{6E93AA5E-EC88-4317-9B57-4DC53C674957}.Debug|Any CPU.Build.0 = Debug|Any CPU
		{6E93AA5E-EC88-4317-9B57-4DC53C674957}.Release|Any CPU.ActiveCfg = Release|Any CPU
		{6E93AA5E-EC88-4317-9B57-4DC53C674957}.Release|Any CPU.Build.0 = Release|Any CPU
		{85170B79-D078-4EE6-8BDD-50273D5E31D4}.Debug|Any CPU.ActiveCfg = Debug|Any CPU
		{85170B79-D078-4EE6-8BDD-50273D5E31D4}.Debug|Any CPU.Build.0 = Debug|Any CPU
		{85170B79-D078-4EE6-8BDD-50273D5E31D4}.Release|Any CPU.ActiveCfg = Release|Any CPU
		{85170B79-D078-4EE6-8BDD-50273D5E31D4}.Release|Any CPU.Build.0 = Release|Any CPU
		{92F122BF-7D47-49FD-A11F-9DEB76B62B1E}.Debug|Any CPU.ActiveCfg = Debug|Any CPU
		{92F122BF-7D47-49FD-A11F-9DEB76B62B1E}.Debug|Any CPU.Build.0 = Debug|Any CPU
		{92F122BF-7D47-49FD-A11F-9DEB76B62B1E}.Release|Any CPU.ActiveCfg = Release|Any CPU
		{92F122BF-7D47-49FD-A11F-9DEB76B62B1E}.Release|Any CPU.Build.0 = Release|Any CPU
		{21A56952-F403-45D0-AD3D-455017583A19}.Debug|Any CPU.ActiveCfg = Debug|Any CPU
		{21A56952-F403-45D0-AD3D-455017583A19}.Debug|Any CPU.Build.0 = Debug|Any CPU
		{21A56952-F403-45D0-AD3D-455017583A19}.Release|Any CPU.ActiveCfg = Release|Any CPU
		{21A56952-F403-45D0-AD3D-455017583A19}.Release|Any CPU.Build.0 = Release|Any CPU
		{BAFB9EF3-556F-43C5-A369-03D0B25EE3E1}.Debug|Any CPU.ActiveCfg = Debug|Any CPU
		{BAFB9EF3-556F-43C5-A369-03D0B25EE3E1}.Debug|Any CPU.Build.0 = Debug|Any CPU
		{BAFB9EF3-556F-43C5-A369-03D0B25EE3E1}.Release|Any CPU.ActiveCfg = Release|Any CPU
		{BAFB9EF3-556F-43C5-A369-03D0B25EE3E1}.Release|Any CPU.Build.0 = Release|Any CPU
		{468004B9-19E8-44DC-919E-21A27E964249}.Debug|Any CPU.ActiveCfg = Debug|Any CPU
		{468004B9-19E8-44DC-919E-21A27E964249}.Debug|Any CPU.Build.0 = Debug|Any CPU
		{468004B9-19E8-44DC-919E-21A27E964249}.Release|Any CPU.ActiveCfg = Release|Any CPU
		{468004B9-19E8-44DC-919E-21A27E964249}.Release|Any CPU.Build.0 = Release|Any CPU
		{8ECBF49C-E9DF-4450-939C-C30A227EB4DB}.Debug|Any CPU.ActiveCfg = Debug|Any CPU
		{8ECBF49C-E9DF-4450-939C-C30A227EB4DB}.Debug|Any CPU.Build.0 = Debug|Any CPU
		{8ECBF49C-E9DF-4450-939C-C30A227EB4DB}.Release|Any CPU.ActiveCfg = Release|Any CPU
		{8ECBF49C-E9DF-4450-939C-C30A227EB4DB}.Release|Any CPU.Build.0 = Release|Any CPU
	EndGlobalSection
	GlobalSection(SolutionProperties) = preSolution
		HideSolutionNode = FALSE
	EndGlobalSection
	GlobalSection(NestedProjects) = preSolution
		{0E6A0A2C-CD6B-4DE1-A099-DF3BA824EE13} = {BF7ED2E2-F687-43E0-A12C-02ECA66C4179}
		{6E93AA5E-EC88-4317-9B57-4DC53C674957} = {BF7ED2E2-F687-43E0-A12C-02ECA66C4179}
		{85170B79-D078-4EE6-8BDD-50273D5E31D4} = {08C9537E-B1AE-410A-A139-2CB8E5780809}
		{92F122BF-7D47-49FD-A11F-9DEB76B62B1E} = {08C9537E-B1AE-410A-A139-2CB8E5780809}
		{21A56952-F403-45D0-AD3D-455017583A19} = {08C9537E-B1AE-410A-A139-2CB8E5780809}
		{BAFB9EF3-556F-43C5-A369-03D0B25EE3E1} = {08C9537E-B1AE-410A-A139-2CB8E5780809}
		{468004B9-19E8-44DC-919E-21A27E964249} = {08C9537E-B1AE-410A-A139-2CB8E5780809}
		{8ECBF49C-E9DF-4450-939C-C30A227EB4DB} = {08C9537E-B1AE-410A-A139-2CB8E5780809}
	EndGlobalSection
EndGlobal
